
Microsoft Visual Studio Solution File, Format Version 12.00
# Visual Studio 15
VisualStudioVersion = 15.0.27130.2027
MinimumVisualStudioVersion = 10.0.40219.1
Project("{FAE04EC0-301F-11D3-BF4B-00C04F79EFBC}") = "Vectores Eratostenes", "Vectores Eratostenes\Vectores Eratostenes.csproj", "{4895AA74-0D30-40F7-9A04-C70167649DEC}"
EndProject
Global
	GlobalSection(SolutionConfigurationPlatforms) = preSolution
		Debug|Any CPU = Debug|Any CPU
		Release|Any CPU = Release|Any CPU
	EndGlobalSection
	GlobalSection(ProjectConfigurationPlatforms) = postSolution
		{4895AA74-0D30-40F7-9A04-C70167649DEC}.Debug|Any CPU.ActiveCfg = Debug|Any CPU
		{4895AA74-0D30-40F7-9A04-C70167649DEC}.Debug|Any CPU.Build.0 = Debug|Any CPU
		{4895AA74-0D30-40F7-9A04-C70167649DEC}.Release|Any CPU.ActiveCfg = Release|Any CPU
		{4895AA74-0D30-40F7-9A04-C70167649DEC}.Release|Any CPU.Build.0 = Release|Any CPU
	EndGlobalSection
	GlobalSection(SolutionProperties) = preSolution
		HideSolutionNode = FALSE
	EndGlobalSection
	GlobalSection(ExtensibilityGlobals) = postSolution
		SolutionGuid = {2760658D-0CF1-410D-881F-EC1F5333D126}
	EndGlobalSection
EndGlobal
